
Microsoft Visual Studio Solution File, Format Version 12.00
# Visual Studio Version 16
VisualStudioVersion = 16.0.30907.101
MinimumVisualStudioVersion = 10.0.40219.1
Project("{9A19103F-16F7-4668-BE54-9A1E7A4F7556}") = "Entities", "Entities\Entities.csproj", "{4B4A1473-9345-4EB1-A0FB-0A417FEB2D00}"
EndProject
Project("{9A19103F-16F7-4668-BE54-9A1E7A4F7556}") = "DataAccess", "DataAccess\DataAccess.csproj", "{8D2EE4B1-756B-4393-AA84-202F4D30377F}"
EndProject
Project("{9A19103F-16F7-4668-BE54-9A1E7A4F7556}") = "Business", "Business\Business.csproj", "{EF20DF60-199E-4F87-AC37-70FC00C02D59}"
EndProject
Project("{9A19103F-16F7-4668-BE54-9A1E7A4F7556}") = "ConsoleUI", "ConsoleUI\ConsoleUI.csproj", "{41E3A6A0-C8F0-4F9E-84A0-3078E49C969A}"
EndProject
Project("{9A19103F-16F7-4668-BE54-9A1E7A4F7556}") = "Core", "Core\Core.csproj", "{6DC3D40F-B0F8-46AB-995F-9C7CCC0E5A62}"
EndProject
Project("{FAE04EC0-301F-11D3-BF4B-00C04F79EFBC}") = "WebAPI", "WebAPI\WebAPI.csproj", "{9B703D1E-D943-450A-8B6B-49C15552CD2D}"
EndProject
Global
	GlobalSection(SolutionConfigurationPlatforms) = preSolution
		Debug|Any CPU = Debug|Any CPU
		Release|Any CPU = Release|Any CPU
	EndGlobalSection
	GlobalSection(ProjectConfigurationPlatforms) = postSolution
		{4B4A1473-9345-4EB1-A0FB-0A417FEB2D00}.Debug|Any CPU.ActiveCfg = Debug|Any CPU
		{4B4A1473-9345-4EB1-A0FB-0A417FEB2D00}.Debug|Any CPU.Build.0 = Debug|Any CPU
		{4B4A1473-9345-4EB1-A0FB-0A417FEB2D00}.Release|Any CPU.ActiveCfg = Release|Any CPU
		{4B4A1473-9345-4EB1-A0FB-0A417FEB2D00}.Release|Any CPU.Build.0 = Release|Any CPU
		{8D2EE4B1-756B-4393-AA84-202F4D30377F}.Debug|Any CPU.ActiveCfg = Debug|Any CPU
		{8D2EE4B1-756B-4393-AA84-202F4D30377F}.Debug|Any CPU.Build.0 = Debug|Any CPU
		{8D2EE4B1-756B-4393-AA84-202F4D30377F}.Release|Any CPU.ActiveCfg = Release|Any CPU
		{8D2EE4B1-756B-4393-AA84-202F4D30377F}.Release|Any CPU.Build.0 = Release|Any CPU
		{EF20DF60-199E-4F87-AC37-70FC00C02D59}.Debug|Any CPU.ActiveCfg = Debug|Any CPU
		{EF20DF60-199E-4F87-AC37-70FC00C02D59}.Debug|Any CPU.Build.0 = Debug|Any CPU
		{EF20DF60-199E-4F87-AC37-70FC00C02D59}.Release|Any CPU.ActiveCfg = Release|Any CPU
		{EF20DF60-199E-4F87-AC37-70FC00C02D59}.Release|Any CPU.Build.0 = Release|Any CPU
		{41E3A6A0-C8F0-4F9E-84A0-3078E49C969A}.Debug|Any CPU.ActiveCfg = Debug|Any CPU
		{41E3A6A0-C8F0-4F9E-84A0-3078E49C969A}.Debug|Any CPU.Build.0 = Debug|Any CPU
		{41E3A6A0-C8F0-4F9E-84A0-3078E49C969A}.Release|Any CPU.ActiveCfg = Release|Any CPU
		{41E3A6A0-C8F0-4F9E-84A0-3078E49C969A}.Release|Any CPU.Build.0 = Release|Any CPU
		{6DC3D40F-B0F8-46AB-995F-9C7CCC0E5A62}.Debug|Any CPU.ActiveCfg = Debug|Any CPU
		{6DC3D40F-B0F8-46AB-995F-9C7CCC0E5A62}.Debug|Any CPU.Build.0 = Debug|Any CPU
		{6DC3D40F-B0F8-46AB-995F-9C7CCC0E5A62}.Release|Any CPU.ActiveCfg = Release|Any CPU
		{6DC3D40F-B0F8-46AB-995F-9C7CCC0E5A62}.Release|Any CPU.Build.0 = Release|Any CPU
		{9B703D1E-D943-450A-8B6B-49C15552CD2D}.Debug|Any CPU.ActiveCfg = Debug|Any CPU
		{9B703D1E-D943-450A-8B6B-49C15552CD2D}.Debug|Any CPU.Build.0 = Debug|Any CPU
		{9B703D1E-D943-450A-8B6B-49C15552CD2D}.Release|Any CPU.ActiveCfg = Release|Any CPU
		{9B703D1E-D943-450A-8B6B-49C15552CD2D}.Release|Any CPU.Build.0 = Release|Any CPU
	EndGlobalSection
	GlobalSection(SolutionProperties) = preSolution
		HideSolutionNode = FALSE
	EndGlobalSection
	GlobalSection(ExtensibilityGlobals) = postSolution
		SolutionGuid = {692CECB9-DD51-40C5-B992-C1266B4EB1FB}
	EndGlobalSection
EndGlobal
